
Microsoft Visual Studio Solution File, Format Version 12.00
# Visual Studio Version 16
VisualStudioVersion = 16.0.31515.178
MinimumVisualStudioVersion = 10.0.40219.1
Project("{FAE04EC0-301F-11D3-BF4B-00C04F79EFBC}") = "Application", "Application\Application.csproj", "{96A8B257-CFA8-4866-B102-47509B51A397}"
EndProject
Project("{FAE04EC0-301F-11D3-BF4B-00C04F79EFBC}") = "ClassLibrary", "ClassLibrary\ClassLibrary.csproj", "{C9DBCD7A-C4B4-4AC5-90A9-DEF0D6BD98E3}"
EndProject
Global
	GlobalSection(SolutionConfigurationPlatforms) = preSolution
		Debug|Any CPU = Debug|Any CPU
		Release|Any CPU = Release|Any CPU
	EndGlobalSection
	GlobalSection(ProjectConfigurationPlatforms) = postSolution
		{96A8B257-CFA8-4866-B102-47509B51A397}.Debug|Any CPU.ActiveCfg = Debug|Any CPU
		{96A8B257-CFA8-4866-B102-47509B51A397}.Debug|Any CPU.Build.0 = Debug|Any CPU
		{96A8B257-CFA8-4866-B102-47509B51A397}.Release|Any CPU.ActiveCfg = Release|Any CPU
		{96A8B257-CFA8-4866-B102-47509B51A397}.Release|Any CPU.Build.0 = Release|Any CPU
		{C9DBCD7A-C4B4-4AC5-90A9-DEF0D6BD98E3}.Debug|Any CPU.ActiveCfg = Debug|Any CPU
		{C9DBCD7A-C4B4-4AC5-90A9-DEF0D6BD98E3}.Debug|Any CPU.Build.0 = Debug|Any CPU
		{C9DBCD7A-C4B4-4AC5-90A9-DEF0D6BD98E3}.Release|Any CPU.ActiveCfg = Release|Any CPU
		{C9DBCD7A-C4B4-4AC5-90A9-DEF0D6BD98E3}.Release|Any CPU.Build.0 = Release|Any CPU
	EndGlobalSection
	GlobalSection(SolutionProperties) = preSolution
		HideSolutionNode = FALSE
	EndGlobalSection
	GlobalSection(ExtensibilityGlobals) = postSolution
		SolutionGuid = {97DD03C4-007D-4E8F-BC7D-AFF1A437F840}
	EndGlobalSection
EndGlobal
