
Microsoft Visual Studio Solution File, Format Version 12.00
# Visual Studio Version 16
VisualStudioVersion = 16.0.31515.178
MinimumVisualStudioVersion = 10.0.40219.1
Project("{FAE04EC0-301F-11D3-BF4B-00C04F79EFBC}") = "Application", "Application\Application.csproj", "{76161310-41E9-4789-BCF0-2E52FDF98123}"
EndProject
Project("{FAE04EC0-301F-11D3-BF4B-00C04F79EFBC}") = "ClassLibrary", "ClassLibrary\ClassLibrary.csproj", "{166CA5DD-8302-4A37-8F53-C91372BFD27C}"
EndProject
Global
	GlobalSection(SolutionConfigurationPlatforms) = preSolution
		Debug|Any CPU = Debug|Any CPU
		Release|Any CPU = Release|Any CPU
	EndGlobalSection
	GlobalSection(ProjectConfigurationPlatforms) = postSolution
		{76161310-41E9-4789-BCF0-2E52FDF98123}.Debug|Any CPU.ActiveCfg = Debug|Any CPU
		{76161310-41E9-4789-BCF0-2E52FDF98123}.Debug|Any CPU.Build.0 = Debug|Any CPU
		{76161310-41E9-4789-BCF0-2E52FDF98123}.Release|Any CPU.ActiveCfg = Release|Any CPU
		{76161310-41E9-4789-BCF0-2E52FDF98123}.Release|Any CPU.Build.0 = Release|Any CPU
		{166CA5DD-8302-4A37-8F53-C91372BFD27C}.Debug|Any CPU.ActiveCfg = Debug|Any CPU
		{166CA5DD-8302-4A37-8F53-C91372BFD27C}.Debug|Any CPU.Build.0 = Debug|Any CPU
		{166CA5DD-8302-4A37-8F53-C91372BFD27C}.Release|Any CPU.ActiveCfg = Release|Any CPU
		{166CA5DD-8302-4A37-8F53-C91372BFD27C}.Release|Any CPU.Build.0 = Release|Any CPU
	EndGlobalSection
	GlobalSection(SolutionProperties) = preSolution
		HideSolutionNode = FALSE
	EndGlobalSection
	GlobalSection(ExtensibilityGlobals) = postSolution
		SolutionGuid = {2418ACBD-9A88-42D3-9D9E-A768DC66241E}
	EndGlobalSection
EndGlobal
