
Microsoft Visual Studio Solution File, Format Version 12.00
# Visual Studio Version 16
VisualStudioVersion = 16.0.31515.178
MinimumVisualStudioVersion = 10.0.40219.1
Project("{FAE04EC0-301F-11D3-BF4B-00C04F79EFBC}") = "Application", "Application\Application.csproj", "{21D640C6-F344-4962-93BC-2044E8D0E7F1}"
EndProject
Project("{FAE04EC0-301F-11D3-BF4B-00C04F79EFBC}") = "ClassLibrary", "ClassLibrary\ClassLibrary.csproj", "{B4895F1F-3F2A-44FF-B8DA-01C01071E133}"
EndProject
Global
	GlobalSection(SolutionConfigurationPlatforms) = preSolution
		Debug|Any CPU = Debug|Any CPU
		Release|Any CPU = Release|Any CPU
	EndGlobalSection
	GlobalSection(ProjectConfigurationPlatforms) = postSolution
		{21D640C6-F344-4962-93BC-2044E8D0E7F1}.Debug|Any CPU.ActiveCfg = Debug|Any CPU
		{21D640C6-F344-4962-93BC-2044E8D0E7F1}.Debug|Any CPU.Build.0 = Debug|Any CPU
		{21D640C6-F344-4962-93BC-2044E8D0E7F1}.Release|Any CPU.ActiveCfg = Release|Any CPU
		{21D640C6-F344-4962-93BC-2044E8D0E7F1}.Release|Any CPU.Build.0 = Release|Any CPU
		{B4895F1F-3F2A-44FF-B8DA-01C01071E133}.Debug|Any CPU.ActiveCfg = Debug|Any CPU
		{B4895F1F-3F2A-44FF-B8DA-01C01071E133}.Debug|Any CPU.Build.0 = Debug|Any CPU
		{B4895F1F-3F2A-44FF-B8DA-01C01071E133}.Release|Any CPU.ActiveCfg = Release|Any CPU
		{B4895F1F-3F2A-44FF-B8DA-01C01071E133}.Release|Any CPU.Build.0 = Release|Any CPU
	EndGlobalSection
	GlobalSection(SolutionProperties) = preSolution
		HideSolutionNode = FALSE
	EndGlobalSection
	GlobalSection(ExtensibilityGlobals) = postSolution
		SolutionGuid = {75B59221-9637-4222-B6D5-624D8674F29E}
	EndGlobalSection
EndGlobal
